
Microsoft Visual Studio Solution File, Format Version 12.00
# Visual Studio Version 17
VisualStudioVersion = 17.1.32210.238
MinimumVisualStudioVersion = 10.0.40219.1
Project("{2150E333-8FDC-42A3-9474-1A3956D46DE8}") = "Common", "Common", "{0EB509AA-4552-4778-B273-31F3074A3A9C}"
EndProject
Project("{2150E333-8FDC-42A3-9474-1A3956D46DE8}") = "WebApp", "WebApp", "{AB15EFFE-72AA-4C05-AAF5-BEF450F0B291}"
EndProject
Project("{2150E333-8FDC-42A3-9474-1A3956D46DE8}") = "Constant", "Constant", "{C7499D77-7E75-4ADA-994C-5E833F83A5FC}"
EndProject
Project("{2150E333-8FDC-42A3-9474-1A3956D46DE8}") = "Enum", "Enum", "{9584C5F0-8C7F-49B6-9E07-7D24F2FADF8C}"
EndProject
Project("{2150E333-8FDC-42A3-9474-1A3956D46DE8}") = "Model", "Model", "{C1214002-0F13-4F3A-9477-19A5FF56ACAC}"
EndProject
Project("{2150E333-8FDC-42A3-9474-1A3956D46DE8}") = "Libraries", "Libraries", "{F98ED040-8DAF-4171-9B59-83B0D55666AE}"
EndProject
Project("{2150E333-8FDC-42A3-9474-1A3956D46DE8}") = "1_WebAPI", "1_WebAPI", "{B36A47F2-47C5-4596-A269-207571F73447}"
EndProject
Project("{2150E333-8FDC-42A3-9474-1A3956D46DE8}") = "2_Services", "2_Services", "{104CB1FE-86D1-48BC-BA02-9D222C86AA57}"
EndProject
Project("{2150E333-8FDC-42A3-9474-1A3956D46DE8}") = "3_BusinessLogic", "3_BusinessLogic", "{B30F8442-D40E-49AD-AAB1-B81B0EFB62A8}"
EndProject
Project("{2150E333-8FDC-42A3-9474-1A3956D46DE8}") = "4_DataAccess", "4_DataAccess", "{49BBCA76-A6C3-42EB-92AE-CE3F669FE89C}"
EndProject
Project("{FAE04EC0-301F-11D3-BF4B-00C04F79EFBC}") = "carstructure.WebApp.1_WebAPI", "carstructure.WebApp.WebAPI\carstructure.WebApp.1_WebAPI.csproj", "{FFC38F61-C6FB-4B03-AACB-FD24FA0C160D}"
EndProject
Project("{FAE04EC0-301F-11D3-BF4B-00C04F79EFBC}") = "carstructure.WebApp.2_Services", "carstructure.WebApp.2_Services\carstructure.WebApp.2_Services.csproj", "{809FE5ED-BB6C-4C90-B64B-539704550714}"
EndProject
Project("{FAE04EC0-301F-11D3-BF4B-00C04F79EFBC}") = "carstructure.WebApp.3_BusinessLogic", "carstructure.WebApp.3_BusinessLogic\carstructure.WebApp.3_BusinessLogic.csproj", "{2B0D1BEF-FF9C-4839-997B-D872B8B30CC5}"
EndProject
Project("{FAE04EC0-301F-11D3-BF4B-00C04F79EFBC}") = "carstructure.WebApp.4_DataAccess", "carstructure.WebApp.4_DataAccess\carstructure.WebApp.4_DataAccess.csproj", "{FFA9EFF9-801D-4178-B499-C8E406CA65DB}"
EndProject
Project("{FAE04EC0-301F-11D3-BF4B-00C04F79EFBC}") = "carstructure.Common.Enum", "carstructure.Common.Enum\carstructure.Common.Enum.csproj", "{580116E1-8AA8-4F34-A8D7-57BA4A42B658}"
EndProject
Project("{FAE04EC0-301F-11D3-BF4B-00C04F79EFBC}") = "carstructure.Common.Model", "carstructure.Common.Model\carstructure.Common.Model.csproj", "{4F11B785-7DD1-411A-BBA4-3FBFE21DFB74}"
EndProject
Global
	GlobalSection(SolutionConfigurationPlatforms) = preSolution
		Debug|Any CPU = Debug|Any CPU
		Release|Any CPU = Release|Any CPU
	EndGlobalSection
	GlobalSection(ProjectConfigurationPlatforms) = postSolution
		{FFC38F61-C6FB-4B03-AACB-FD24FA0C160D}.Debug|Any CPU.ActiveCfg = Debug|Any CPU
		{FFC38F61-C6FB-4B03-AACB-FD24FA0C160D}.Debug|Any CPU.Build.0 = Debug|Any CPU
		{FFC38F61-C6FB-4B03-AACB-FD24FA0C160D}.Release|Any CPU.ActiveCfg = Release|Any CPU
		{FFC38F61-C6FB-4B03-AACB-FD24FA0C160D}.Release|Any CPU.Build.0 = Release|Any CPU
		{809FE5ED-BB6C-4C90-B64B-539704550714}.Debug|Any CPU.ActiveCfg = Debug|Any CPU
		{809FE5ED-BB6C-4C90-B64B-539704550714}.Debug|Any CPU.Build.0 = Debug|Any CPU
		{809FE5ED-BB6C-4C90-B64B-539704550714}.Release|Any CPU.ActiveCfg = Release|Any CPU
		{809FE5ED-BB6C-4C90-B64B-539704550714}.Release|Any CPU.Build.0 = Release|Any CPU
		{2B0D1BEF-FF9C-4839-997B-D872B8B30CC5}.Debug|Any CPU.ActiveCfg = Debug|Any CPU
		{2B0D1BEF-FF9C-4839-997B-D872B8B30CC5}.Debug|Any CPU.Build.0 = Debug|Any CPU
		{2B0D1BEF-FF9C-4839-997B-D872B8B30CC5}.Release|Any CPU.ActiveCfg = Release|Any CPU
		{2B0D1BEF-FF9C-4839-997B-D872B8B30CC5}.Release|Any CPU.Build.0 = Release|Any CPU
		{FFA9EFF9-801D-4178-B499-C8E406CA65DB}.Debug|Any CPU.ActiveCfg = Debug|Any CPU
		{FFA9EFF9-801D-4178-B499-C8E406CA65DB}.Debug|Any CPU.Build.0 = Debug|Any CPU
		{FFA9EFF9-801D-4178-B499-C8E406CA65DB}.Release|Any CPU.ActiveCfg = Release|Any CPU
		{FFA9EFF9-801D-4178-B499-C8E406CA65DB}.Release|Any CPU.Build.0 = Release|Any CPU
		{580116E1-8AA8-4F34-A8D7-57BA4A42B658}.Debug|Any CPU.ActiveCfg = Debug|Any CPU
		{580116E1-8AA8-4F34-A8D7-57BA4A42B658}.Debug|Any CPU.Build.0 = Debug|Any CPU
		{580116E1-8AA8-4F34-A8D7-57BA4A42B658}.Release|Any CPU.ActiveCfg = Release|Any CPU
		{580116E1-8AA8-4F34-A8D7-57BA4A42B658}.Release|Any CPU.Build.0 = Release|Any CPU
		{4F11B785-7DD1-411A-BBA4-3FBFE21DFB74}.Debug|Any CPU.ActiveCfg = Debug|Any CPU
		{4F11B785-7DD1-411A-BBA4-3FBFE21DFB74}.Debug|Any CPU.Build.0 = Debug|Any CPU
		{4F11B785-7DD1-411A-BBA4-3FBFE21DFB74}.Release|Any CPU.ActiveCfg = Release|Any CPU
		{4F11B785-7DD1-411A-BBA4-3FBFE21DFB74}.Release|Any CPU.Build.0 = Release|Any CPU
	EndGlobalSection
	GlobalSection(SolutionProperties) = preSolution
		HideSolutionNode = FALSE
	EndGlobalSection
	GlobalSection(NestedProjects) = preSolution
		{C7499D77-7E75-4ADA-994C-5E833F83A5FC} = {0EB509AA-4552-4778-B273-31F3074A3A9C}
		{9584C5F0-8C7F-49B6-9E07-7D24F2FADF8C} = {0EB509AA-4552-4778-B273-31F3074A3A9C}
		{C1214002-0F13-4F3A-9477-19A5FF56ACAC} = {0EB509AA-4552-4778-B273-31F3074A3A9C}
		{F98ED040-8DAF-4171-9B59-83B0D55666AE} = {0EB509AA-4552-4778-B273-31F3074A3A9C}
		{B36A47F2-47C5-4596-A269-207571F73447} = {AB15EFFE-72AA-4C05-AAF5-BEF450F0B291}
		{104CB1FE-86D1-48BC-BA02-9D222C86AA57} = {AB15EFFE-72AA-4C05-AAF5-BEF450F0B291}
		{B30F8442-D40E-49AD-AAB1-B81B0EFB62A8} = {AB15EFFE-72AA-4C05-AAF5-BEF450F0B291}
		{49BBCA76-A6C3-42EB-92AE-CE3F669FE89C} = {AB15EFFE-72AA-4C05-AAF5-BEF450F0B291}
		{FFC38F61-C6FB-4B03-AACB-FD24FA0C160D} = {B36A47F2-47C5-4596-A269-207571F73447}
		{809FE5ED-BB6C-4C90-B64B-539704550714} = {104CB1FE-86D1-48BC-BA02-9D222C86AA57}
		{2B0D1BEF-FF9C-4839-997B-D872B8B30CC5} = {B30F8442-D40E-49AD-AAB1-B81B0EFB62A8}
		{FFA9EFF9-801D-4178-B499-C8E406CA65DB} = {49BBCA76-A6C3-42EB-92AE-CE3F669FE89C}
		{580116E1-8AA8-4F34-A8D7-57BA4A42B658} = {9584C5F0-8C7F-49B6-9E07-7D24F2FADF8C}
		{4F11B785-7DD1-411A-BBA4-3FBFE21DFB74} = {C1214002-0F13-4F3A-9477-19A5FF56ACAC}
	EndGlobalSection
	GlobalSection(ExtensibilityGlobals) = postSolution
		SolutionGuid = {BA4128CC-8B4C-4A7F-9F98-01E45000FFC2}
	EndGlobalSection
EndGlobal
